
Microsoft Visual Studio Solution File, Format Version 12.00
# Visual Studio 15
VisualStudioVersion = 15.0.27004.2008
MinimumVisualStudioVersion = 10.0.40219.1
Project("{FAE04EC0-301F-11D3-BF4B-00C04F79EFBC}") = "Marcass", "Marcass\Marcass.csproj", "{1CA149E7-939F-4762-B7E3-D31576CADD51}"
EndProject
Global
	GlobalSection(SolutionConfigurationPlatforms) = preSolution
		Debug|Any CPU = Debug|Any CPU
		Release|Any CPU = Release|Any CPU
	EndGlobalSection
	GlobalSection(ProjectConfigurationPlatforms) = postSolution
		{1CA149E7-939F-4762-B7E3-D31576CADD51}.Debug|Any CPU.ActiveCfg = Debug|Any CPU
		{1CA149E7-939F-4762-B7E3-D31576CADD51}.Debug|Any CPU.Build.0 = Debug|Any CPU
		{1CA149E7-939F-4762-B7E3-D31576CADD51}.Release|Any CPU.ActiveCfg = Release|Any CPU
		{1CA149E7-939F-4762-B7E3-D31576CADD51}.Release|Any CPU.Build.0 = Release|Any CPU
	EndGlobalSection
	GlobalSection(SolutionProperties) = preSolution
		HideSolutionNode = FALSE
	EndGlobalSection
	GlobalSection(ExtensibilityGlobals) = postSolution
		SolutionGuid = {45FBB383-6D35-4741-A267-7BB054861C39}
	EndGlobalSection
EndGlobal
